
Microsoft Visual Studio Solution File, Format Version 12.00
# Visual Studio 14
VisualStudioVersion = 14.0.24720.0
MinimumVisualStudioVersion = 10.0.40219.1
Project("{FAE04EC0-301F-11D3-BF4B-00C04F79EFBC}") = "ThingSockets", "ThingSockets\ThingSockets.csproj", "{71A07DFC-7208-428C-9BCD-1D99D365B0D0}"
EndProject
Project("{FAE04EC0-301F-11D3-BF4B-00C04F79EFBC}") = "Qon", "Qon\Qon.csproj", "{A353925B-54BB-46BD-8098-909A455BA17A}"
EndProject
Project("{2150E333-8FDC-42A3-9474-1A3956D46DE8}") = "CommunicationLayer", "CommunicationLayer", "{ABE53B3F-0644-4911-837F-75E1A132CD32}"
EndProject
Project("{2150E333-8FDC-42A3-9474-1A3956D46DE8}") = "NetworkQueryLayer", "NetworkQueryLayer", "{6CF7758B-A3DF-42A9-AEBA-52A161237634}"
EndProject
Project("{FAE04EC0-301F-11D3-BF4B-00C04F79EFBC}") = "ThingSockets.Components", "ThingSockets.Components\ThingSockets.Components.csproj", "{23CB4E85-6B71-4BD0-B3B9-D8B246965F84}"
EndProject
Project("{FAE04EC0-301F-11D3-BF4B-00C04F79EFBC}") = "ThingSockets.External", "ThingSockets.External\ThingSockets.External.csproj", "{6F41EF7B-DA20-4909-83B1-AE597ED8FD74}"
EndProject
Project("{FAE04EC0-301F-11D3-BF4B-00C04F79EFBC}") = "ThingSockets.Factory", "ThingSockets.Factory\ThingSockets.Factory.csproj", "{5894089F-9125-4F25-854D-8D82E36B61A0}"
EndProject
Project("{FAE04EC0-301F-11D3-BF4B-00C04F79EFBC}") = "ThingSockets.Communication", "ThingSockets.Communication\ThingSockets.Communication.csproj", "{BF547E4C-1524-455E-A4DB-43719B22174B}"
EndProject
Global
	GlobalSection(SolutionConfigurationPlatforms) = preSolution
		Debug|Any CPU = Debug|Any CPU
		Debug|ARM = Debug|ARM
		Debug|x64 = Debug|x64
		Debug|x86 = Debug|x86
		Release|Any CPU = Release|Any CPU
		Release|ARM = Release|ARM
		Release|x64 = Release|x64
		Release|x86 = Release|x86
	EndGlobalSection
	GlobalSection(ProjectConfigurationPlatforms) = postSolution
		{71A07DFC-7208-428C-9BCD-1D99D365B0D0}.Debug|Any CPU.ActiveCfg = Debug|Any CPU
		{71A07DFC-7208-428C-9BCD-1D99D365B0D0}.Debug|Any CPU.Build.0 = Debug|Any CPU
		{71A07DFC-7208-428C-9BCD-1D99D365B0D0}.Debug|ARM.ActiveCfg = Debug|ARM
		{71A07DFC-7208-428C-9BCD-1D99D365B0D0}.Debug|ARM.Build.0 = Debug|ARM
		{71A07DFC-7208-428C-9BCD-1D99D365B0D0}.Debug|x64.ActiveCfg = Debug|x64
		{71A07DFC-7208-428C-9BCD-1D99D365B0D0}.Debug|x64.Build.0 = Debug|x64
		{71A07DFC-7208-428C-9BCD-1D99D365B0D0}.Debug|x86.ActiveCfg = Debug|x86
		{71A07DFC-7208-428C-9BCD-1D99D365B0D0}.Debug|x86.Build.0 = Debug|x86
		{71A07DFC-7208-428C-9BCD-1D99D365B0D0}.Release|Any CPU.ActiveCfg = Release|Any CPU
		{71A07DFC-7208-428C-9BCD-1D99D365B0D0}.Release|Any CPU.Build.0 = Release|Any CPU
		{71A07DFC-7208-428C-9BCD-1D99D365B0D0}.Release|ARM.ActiveCfg = Release|ARM
		{71A07DFC-7208-428C-9BCD-1D99D365B0D0}.Release|ARM.Build.0 = Release|ARM
		{71A07DFC-7208-428C-9BCD-1D99D365B0D0}.Release|x64.ActiveCfg = Release|x64
		{71A07DFC-7208-428C-9BCD-1D99D365B0D0}.Release|x64.Build.0 = Release|x64
		{71A07DFC-7208-428C-9BCD-1D99D365B0D0}.Release|x86.ActiveCfg = Release|x86
		{71A07DFC-7208-428C-9BCD-1D99D365B0D0}.Release|x86.Build.0 = Release|x86
		{A353925B-54BB-46BD-8098-909A455BA17A}.Debug|Any CPU.ActiveCfg = Debug|Any CPU
		{A353925B-54BB-46BD-8098-909A455BA17A}.Debug|Any CPU.Build.0 = Debug|Any CPU
		{A353925B-54BB-46BD-8098-909A455BA17A}.Debug|ARM.ActiveCfg = Debug|ARM
		{A353925B-54BB-46BD-8098-909A455BA17A}.Debug|ARM.Build.0 = Debug|ARM
		{A353925B-54BB-46BD-8098-909A455BA17A}.Debug|x64.ActiveCfg = Debug|x64
		{A353925B-54BB-46BD-8098-909A455BA17A}.Debug|x64.Build.0 = Debug|x64
		{A353925B-54BB-46BD-8098-909A455BA17A}.Debug|x86.ActiveCfg = Debug|x86
		{A353925B-54BB-46BD-8098-909A455BA17A}.Debug|x86.Build.0 = Debug|x86
		{A353925B-54BB-46BD-8098-909A455BA17A}.Release|Any CPU.ActiveCfg = Release|Any CPU
		{A353925B-54BB-46BD-8098-909A455BA17A}.Release|Any CPU.Build.0 = Release|Any CPU
		{A353925B-54BB-46BD-8098-909A455BA17A}.Release|ARM.ActiveCfg = Release|ARM
		{A353925B-54BB-46BD-8098-909A455BA17A}.Release|ARM.Build.0 = Release|ARM
		{A353925B-54BB-46BD-8098-909A455BA17A}.Release|x64.ActiveCfg = Release|x64
		{A353925B-54BB-46BD-8098-909A455BA17A}.Release|x64.Build.0 = Release|x64
		{A353925B-54BB-46BD-8098-909A455BA17A}.Release|x86.ActiveCfg = Release|x86
		{A353925B-54BB-46BD-8098-909A455BA17A}.Release|x86.Build.0 = Release|x86
		{23CB4E85-6B71-4BD0-B3B9-D8B246965F84}.Debug|Any CPU.ActiveCfg = Debug|Any CPU
		{23CB4E85-6B71-4BD0-B3B9-D8B246965F84}.Debug|Any CPU.Build.0 = Debug|Any CPU
		{23CB4E85-6B71-4BD0-B3B9-D8B246965F84}.Debug|ARM.ActiveCfg = Debug|ARM
		{23CB4E85-6B71-4BD0-B3B9-D8B246965F84}.Debug|ARM.Build.0 = Debug|ARM
		{23CB4E85-6B71-4BD0-B3B9-D8B246965F84}.Debug|x64.ActiveCfg = Debug|x64
		{23CB4E85-6B71-4BD0-B3B9-D8B246965F84}.Debug|x64.Build.0 = Debug|x64
		{23CB4E85-6B71-4BD0-B3B9-D8B246965F84}.Debug|x86.ActiveCfg = Debug|x86
		{23CB4E85-6B71-4BD0-B3B9-D8B246965F84}.Debug|x86.Build.0 = Debug|x86
		{23CB4E85-6B71-4BD0-B3B9-D8B246965F84}.Release|Any CPU.ActiveCfg = Release|Any CPU
		{23CB4E85-6B71-4BD0-B3B9-D8B246965F84}.Release|Any CPU.Build.0 = Release|Any CPU
		{23CB4E85-6B71-4BD0-B3B9-D8B246965F84}.Release|ARM.ActiveCfg = Release|ARM
		{23CB4E85-6B71-4BD0-B3B9-D8B246965F84}.Release|ARM.Build.0 = Release|ARM
		{23CB4E85-6B71-4BD0-B3B9-D8B246965F84}.Release|x64.ActiveCfg = Release|x64
		{23CB4E85-6B71-4BD0-B3B9-D8B246965F84}.Release|x64.Build.0 = Release|x64
		{23CB4E85-6B71-4BD0-B3B9-D8B246965F84}.Release|x86.ActiveCfg = Release|x86
		{23CB4E85-6B71-4BD0-B3B9-D8B246965F84}.Release|x86.Build.0 = Release|x86
		{6F41EF7B-DA20-4909-83B1-AE597ED8FD74}.Debug|Any CPU.ActiveCfg = Debug|Any CPU
		{6F41EF7B-DA20-4909-83B1-AE597ED8FD74}.Debug|Any CPU.Build.0 = Debug|Any CPU
		{6F41EF7B-DA20-4909-83B1-AE597ED8FD74}.Debug|ARM.ActiveCfg = Debug|ARM
		{6F41EF7B-DA20-4909-83B1-AE597ED8FD74}.Debug|ARM.Build.0 = Debug|ARM
		{6F41EF7B-DA20-4909-83B1-AE597ED8FD74}.Debug|x64.ActiveCfg = Debug|x64
		{6F41EF7B-DA20-4909-83B1-AE597ED8FD74}.Debug|x64.Build.0 = Debug|x64
		{6F41EF7B-DA20-4909-83B1-AE597ED8FD74}.Debug|x86.ActiveCfg = Debug|x86
		{6F41EF7B-DA20-4909-83B1-AE597ED8FD74}.Debug|x86.Build.0 = Debug|x86
		{6F41EF7B-DA20-4909-83B1-AE597ED8FD74}.Release|Any CPU.ActiveCfg = Release|Any CPU
		{6F41EF7B-DA20-4909-83B1-AE597ED8FD74}.Release|Any CPU.Build.0 = Release|Any CPU
		{6F41EF7B-DA20-4909-83B1-AE597ED8FD74}.Release|ARM.ActiveCfg = Release|ARM
		{6F41EF7B-DA20-4909-83B1-AE597ED8FD74}.Release|ARM.Build.0 = Release|ARM
		{6F41EF7B-DA20-4909-83B1-AE597ED8FD74}.Release|x64.ActiveCfg = Release|x64
		{6F41EF7B-DA20-4909-83B1-AE597ED8FD74}.Release|x64.Build.0 = Release|x64
		{6F41EF7B-DA20-4909-83B1-AE597ED8FD74}.Release|x86.ActiveCfg = Release|x86
		{6F41EF7B-DA20-4909-83B1-AE597ED8FD74}.Release|x86.Build.0 = Release|x86
		{5894089F-9125-4F25-854D-8D82E36B61A0}.Debug|Any CPU.ActiveCfg = Debug|Any CPU
		{5894089F-9125-4F25-854D-8D82E36B61A0}.Debug|Any CPU.Build.0 = Debug|Any CPU
		{5894089F-9125-4F25-854D-8D82E36B61A0}.Debug|ARM.ActiveCfg = Debug|ARM
		{5894089F-9125-4F25-854D-8D82E36B61A0}.Debug|ARM.Build.0 = Debug|ARM
		{5894089F-9125-4F25-854D-8D82E36B61A0}.Debug|x64.ActiveCfg = Debug|x64
		{5894089F-9125-4F25-854D-8D82E36B61A0}.Debug|x64.Build.0 = Debug|x64
		{5894089F-9125-4F25-854D-8D82E36B61A0}.Debug|x86.ActiveCfg = Debug|x86
		{5894089F-9125-4F25-854D-8D82E36B61A0}.Debug|x86.Build.0 = Debug|x86
		{5894089F-9125-4F25-854D-8D82E36B61A0}.Release|Any CPU.ActiveCfg = Release|Any CPU
		{5894089F-9125-4F25-854D-8D82E36B61A0}.Release|Any CPU.Build.0 = Release|Any CPU
		{5894089F-9125-4F25-854D-8D82E36B61A0}.Release|ARM.ActiveCfg = Release|ARM
		{5894089F-9125-4F25-854D-8D82E36B61A0}.Release|ARM.Build.0 = Release|ARM
		{5894089F-9125-4F25-854D-8D82E36B61A0}.Release|x64.ActiveCfg = Release|x64
		{5894089F-9125-4F25-854D-8D82E36B61A0}.Release|x64.Build.0 = Release|x64
		{5894089F-9125-4F25-854D-8D82E36B61A0}.Release|x86.ActiveCfg = Release|x86
		{5894089F-9125-4F25-854D-8D82E36B61A0}.Release|x86.Build.0 = Release|x86
		{BF547E4C-1524-455E-A4DB-43719B22174B}.Debug|Any CPU.ActiveCfg = Debug|Any CPU
		{BF547E4C-1524-455E-A4DB-43719B22174B}.Debug|Any CPU.Build.0 = Debug|Any CPU
		{BF547E4C-1524-455E-A4DB-43719B22174B}.Debug|ARM.ActiveCfg = Debug|ARM
		{BF547E4C-1524-455E-A4DB-43719B22174B}.Debug|ARM.Build.0 = Debug|ARM
		{BF547E4C-1524-455E-A4DB-43719B22174B}.Debug|x64.ActiveCfg = Debug|x64
		{BF547E4C-1524-455E-A4DB-43719B22174B}.Debug|x64.Build.0 = Debug|x64
		{BF547E4C-1524-455E-A4DB-43719B22174B}.Debug|x86.ActiveCfg = Debug|x86
		{BF547E4C-1524-455E-A4DB-43719B22174B}.Debug|x86.Build.0 = Debug|x86
		{BF547E4C-1524-455E-A4DB-43719B22174B}.Release|Any CPU.ActiveCfg = Release|Any CPU
		{BF547E4C-1524-455E-A4DB-43719B22174B}.Release|Any CPU.Build.0 = Release|Any CPU
		{BF547E4C-1524-455E-A4DB-43719B22174B}.Release|ARM.ActiveCfg = Release|ARM
		{BF547E4C-1524-455E-A4DB-43719B22174B}.Release|ARM.Build.0 = Release|ARM
		{BF547E4C-1524-455E-A4DB-43719B22174B}.Release|x64.ActiveCfg = Release|x64
		{BF547E4C-1524-455E-A4DB-43719B22174B}.Release|x64.Build.0 = Release|x64
		{BF547E4C-1524-455E-A4DB-43719B22174B}.Release|x86.ActiveCfg = Release|x86
		{BF547E4C-1524-455E-A4DB-43719B22174B}.Release|x86.Build.0 = Release|x86
	EndGlobalSection
	GlobalSection(SolutionProperties) = preSolution
		HideSolutionNode = FALSE
	EndGlobalSection
	GlobalSection(NestedProjects) = preSolution
		{71A07DFC-7208-428C-9BCD-1D99D365B0D0} = {ABE53B3F-0644-4911-837F-75E1A132CD32}
		{A353925B-54BB-46BD-8098-909A455BA17A} = {6CF7758B-A3DF-42A9-AEBA-52A161237634}
		{23CB4E85-6B71-4BD0-B3B9-D8B246965F84} = {ABE53B3F-0644-4911-837F-75E1A132CD32}
		{6F41EF7B-DA20-4909-83B1-AE597ED8FD74} = {ABE53B3F-0644-4911-837F-75E1A132CD32}
		{5894089F-9125-4F25-854D-8D82E36B61A0} = {ABE53B3F-0644-4911-837F-75E1A132CD32}
		{BF547E4C-1524-455E-A4DB-43719B22174B} = {ABE53B3F-0644-4911-837F-75E1A132CD32}
	EndGlobalSection
EndGlobal
